// !$*UTF8*$!
{
	archiveVersion = 1;
	classes = {
	};
	objectVersion = 77;
	objects = {

/* Begin PBXBuildFile section */
		733AAA8CAD3E46B0AAA52234 /* Pods_PestrikovBankTests.framework in Frameworks */ = {isa = PBXBuildFile; fileRef = 2ECD44C8DB2DD2E6B8C6E7D4 /* Pods_PestrikovBankTests.framework */; };
		F2E37BB8A97210961E2FBF79 /* Pods_PestrikovBank_PestrikovBankUITests.framework in Frameworks */ = {isa = PBXBuildFile; fileRef = 061D825A1FE727EDC5D7F1CF /* Pods_PestrikovBank_PestrikovBankUITests.framework */; };
		F536E51A4160DB25D1A36FF0 /* Pods_PestrikovBank.framework in Frameworks */ = {isa = PBXBuildFile; fileRef = AEF528A33117A8E5D10AD9A2 /* Pods_PestrikovBank.framework */; };
/* End PBXBuildFile section */

/* Begin PBXContainerItemProxy section */
		0CCA825A2D944AE000E6252B /* PBXContainerItemProxy */ = {
			isa = PBXContainerItemProxy;
			containerPortal = 0CCA823B2D944ADF00E6252B /* Project object */;
			proxyType = 1;
			remoteGlobalIDString = 0CCA82422D944ADF00E6252B;
			remoteInfo = PestrikovBank;
		};
		0CCA82642D944AE000E6252B /* PBXContainerItemProxy */ = {
			isa = PBXContainerItemProxy;
			containerPortal = 0CCA823B2D944ADF00E6252B /* Project object */;
			proxyType = 1;
			remoteGlobalIDString = 0CCA82422D944ADF00E6252B;
			remoteInfo = PestrikovBank;
		};
/* End PBXContainerItemProxy section */

/* Begin PBXFileReference section */
		0004400131BADC6D6BEAC1B4 /* Pods-PestrikovBank-PestrikovBankUITests.debug.xcconfig */ = {isa = PBXFileReference; includeInIndex = 1; lastKnownFileType = text.xcconfig; name = "Pods-PestrikovBank-PestrikovBankUITests.debug.xcconfig"; path = "Target Support Files/Pods-PestrikovBank-PestrikovBankUITests/Pods-PestrikovBank-PestrikovBankUITests.debug.xcconfig"; sourceTree = "<group>"; };
		061D825A1FE727EDC5D7F1CF /* Pods_PestrikovBank_PestrikovBankUITests.framework */ = {isa = PBXFileReference; explicitFileType = wrapper.framework; includeInIndex = 0; path = Pods_PestrikovBank_PestrikovBankUITests.framework; sourceTree = BUILT_PRODUCTS_DIR; };
		0CCA82432D944ADF00E6252B /* PestrikovBank.app */ = {isa = PBXFileReference; explicitFileType = wrapper.application; includeInIndex = 0; path = PestrikovBank.app; sourceTree = BUILT_PRODUCTS_DIR; };
		0CCA82592D944AE000E6252B /* PestrikovBankTests.xctest */ = {isa = PBXFileReference; explicitFileType = wrapper.cfbundle; includeInIndex = 0; path = PestrikovBankTests.xctest; sourceTree = BUILT_PRODUCTS_DIR; };
		0CCA82632D944AE000E6252B /* PestrikovBankUITests.xctest */ = {isa = PBXFileReference; explicitFileType = wrapper.cfbundle; includeInIndex = 0; path = PestrikovBankUITests.xctest; sourceTree = BUILT_PRODUCTS_DIR; };
		0EFE5FEE487BF02F9394A6C3 /* Pods-PestrikovBank-PestrikovBankUITests.release.xcconfig */ = {isa = PBXFileReference; includeInIndex = 1; lastKnownFileType = text.xcconfig; name = "Pods-PestrikovBank-PestrikovBankUITests.release.xcconfig"; path = "Target Support Files/Pods-PestrikovBank-PestrikovBankUITests/Pods-PestrikovBank-PestrikovBankUITests.release.xcconfig"; sourceTree = "<group>"; };
		2ECD44C8DB2DD2E6B8C6E7D4 /* Pods_PestrikovBankTests.framework */ = {isa = PBXFileReference; explicitFileType = wrapper.framework; includeInIndex = 0; path = Pods_PestrikovBankTests.framework; sourceTree = BUILT_PRODUCTS_DIR; };
		7CA3C9F1C301A4AB8A2FC99E /* Pods-PestrikovBankTests.debug.xcconfig */ = {isa = PBXFileReference; includeInIndex = 1; lastKnownFileType = text.xcconfig; name = "Pods-PestrikovBankTests.debug.xcconfig"; path = "Target Support Files/Pods-PestrikovBankTests/Pods-PestrikovBankTests.debug.xcconfig"; sourceTree = "<group>"; };
		8AEC62434E324D353C1DD2FE /* Pods-PestrikovBankTests.release.xcconfig */ = {isa = PBXFileReference; includeInIndex = 1; lastKnownFileType = text.xcconfig; name = "Pods-PestrikovBankTests.release.xcconfig"; path = "Target Support Files/Pods-PestrikovBankTests/Pods-PestrikovBankTests.release.xcconfig"; sourceTree = "<group>"; };
		A80CA75055594270173EFDFF /* Pods-PestrikovBank.release.xcconfig */ = {isa = PBXFileReference; includeInIndex = 1; lastKnownFileType = text.xcconfig; name = "Pods-PestrikovBank.release.xcconfig"; path = "Target Support Files/Pods-PestrikovBank/Pods-PestrikovBank.release.xcconfig"; sourceTree = "<group>"; };
		AEF528A33117A8E5D10AD9A2 /* Pods_PestrikovBank.framework */ = {isa = PBXFileReference; explicitFileType = wrapper.framework; includeInIndex = 0; path = Pods_PestrikovBank.framework; sourceTree = BUILT_PRODUCTS_DIR; };
		C3493DEEDBAC84875FE60F02 /* Pods-PestrikovBank.debug.xcconfig */ = {isa = PBXFileReference; includeInIndex = 1; lastKnownFileType = text.xcconfig; name = "Pods-PestrikovBank.debug.xcconfig"; path = "Target Support Files/Pods-PestrikovBank/Pods-PestrikovBank.debug.xcconfig"; sourceTree = "<group>"; };
/* End PBXFileReference section */

/* Begin PBXFileSystemSynchronizedBuildFileExceptionSet section */
		0CCA826B2D944AE000E6252B /* Exceptions for "PestrikovBank" folder in "PestrikovBank" target */ = {
			isa = PBXFileSystemSynchronizedBuildFileExceptionSet;
			membershipExceptions = (
				Resorces/Info.plist,
			);
			target = 0CCA82422D944ADF00E6252B /* PestrikovBank */;
		};
/* End PBXFileSystemSynchronizedBuildFileExceptionSet section */

/* Begin PBXFileSystemSynchronizedRootGroup section */
		0CCA82452D944ADF00E6252B /* PestrikovBank */ = {
			isa = PBXFileSystemSynchronizedRootGroup;
			exceptions = (
				0CCA826B2D944AE000E6252B /* Exceptions for "PestrikovBank" folder in "PestrikovBank" target */,
			);
			path = PestrikovBank;
			sourceTree = "<group>";
		};
		0CCA825C2D944AE000E6252B /* PestrikovBankTests */ = {
			isa = PBXFileSystemSynchronizedRootGroup;
			path = PestrikovBankTests;
			sourceTree = "<group>";
		};
		0CCA82662D944AE000E6252B /* PestrikovBankUITests */ = {
			isa = PBXFileSystemSynchronizedRootGroup;
			path = PestrikovBankUITests;
			sourceTree = "<group>";
		};
/* End PBXFileSystemSynchronizedRootGroup section */

/* Begin PBXFrameworksBuildPhase section */
		0CCA82402D944ADF00E6252B /* Frameworks */ = {
			isa = PBXFrameworksBuildPhase;
			buildActionMask = 2147483647;
			files = (
				F536E51A4160DB25D1A36FF0 /* Pods_PestrikovBank.framework in Frameworks */,
			);
			runOnlyForDeploymentPostprocessing = 0;
		};
		0CCA82562D944AE000E6252B /* Frameworks */ = {
			isa = PBXFrameworksBuildPhase;
			buildActionMask = 2147483647;
			files = (
				733AAA8CAD3E46B0AAA52234 /* Pods_PestrikovBankTests.framework in Frameworks */,
			);
			runOnlyForDeploymentPostprocessing = 0;
		};
		0CCA82602D944AE000E6252B /* Frameworks */ = {
			isa = PBXFrameworksBuildPhase;
			buildActionMask = 2147483647;
			files = (
				F2E37BB8A97210961E2FBF79 /* Pods_PestrikovBank_PestrikovBankUITests.framework in Frameworks */,
			);
			runOnlyForDeploymentPostprocessing = 0;
		};
/* End PBXFrameworksBuildPhase section */

/* Begin PBXGroup section */
		0CCA823A2D944ADF00E6252B = {
			isa = PBXGroup;
			children = (
				0CCA82452D944ADF00E6252B /* PestrikovBank */,
				0CCA825C2D944AE000E6252B /* PestrikovBankTests */,
				0CCA82662D944AE000E6252B /* PestrikovBankUITests */,
				0CCA82442D944ADF00E6252B /* Products */,
				9F86EA866C011C7E03857D27 /* Pods */,
				9A3736FFAE06F87A380EB5A6 /* Frameworks */,
			);
			sourceTree = "<group>";
		};
		0CCA82442D944ADF00E6252B /* Products */ = {
			isa = PBXGroup;
			children = (
				0CCA82432D944ADF00E6252B /* PestrikovBank.app */,
				0CCA82592D944AE000E6252B /* PestrikovBankTests.xctest */,
				0CCA82632D944AE000E6252B /* PestrikovBankUITests.xctest */,
			);
			name = Products;
			sourceTree = "<group>";
		};
		9A3736FFAE06F87A380EB5A6 /* Frameworks */ = {
			isa = PBXGroup;
			children = (
				AEF528A33117A8E5D10AD9A2 /* Pods_PestrikovBank.framework */,
				061D825A1FE727EDC5D7F1CF /* Pods_PestrikovBank_PestrikovBankUITests.framework */,
				2ECD44C8DB2DD2E6B8C6E7D4 /* Pods_PestrikovBankTests.framework */,
			);
			name = Frameworks;
			sourceTree = "<group>";
		};
		9F86EA866C011C7E03857D27 /* Pods */ = {
			isa = PBXGroup;
			children = (
				C3493DEEDBAC84875FE60F02 /* Pods-PestrikovBank.debug.xcconfig */,
				A80CA75055594270173EFDFF /* Pods-PestrikovBank.release.xcconfig */,
				0004400131BADC6D6BEAC1B4 /* Pods-PestrikovBank-PestrikovBankUITests.debug.xcconfig */,
				0EFE5FEE487BF02F9394A6C3 /* Pods-PestrikovBank-PestrikovBankUITests.release.xcconfig */,
				7CA3C9F1C301A4AB8A2FC99E /* Pods-PestrikovBankTests.debug.xcconfig */,
				8AEC62434E324D353C1DD2FE /* Pods-PestrikovBankTests.release.xcconfig */,
			);
			path = Pods;
			sourceTree = "<group>";
		};
/* End PBXGroup section */

/* Begin PBXNativeTarget section */
		0CCA82422D944ADF00E6252B /* PestrikovBank */ = {
			isa = PBXNativeTarget;
			buildConfigurationList = 0CCA826C2D944AE000E6252B /* Build configuration list for PBXNativeTarget "PestrikovBank" */;
			buildPhases = (
				7FEDDCB192A211486D8457CD /* [CP] Check Pods Manifest.lock */,
				0CCA823F2D944ADF00E6252B /* Sources */,
				0CCA82402D944ADF00E6252B /* Frameworks */,
				0CCA82412D944ADF00E6252B /* Resources */,
				05FDE0AD5DE44B59D4904D95 /* [CP] Embed Pods Frameworks */,
			);
			buildRules = (
			);
			dependencies = (
			);
			fileSystemSynchronizedGroups = (
				0CCA82452D944ADF00E6252B /* PestrikovBank */,
			);
			name = PestrikovBank;
			productName = PestrikovBank;
			productReference = 0CCA82432D944ADF00E6252B /* PestrikovBank.app */;
			productType = "com.apple.product-type.application";
		};
		0CCA82582D944AE000E6252B /* PestrikovBankTests */ = {
			isa = PBXNativeTarget;
			buildConfigurationList = 0CCA82712D944AE000E6252B /* Build configuration list for PBXNativeTarget "PestrikovBankTests" */;
			buildPhases = (
				488199F790B04070A83E02E2 /* [CP] Check Pods Manifest.lock */,
				0CCA82552D944AE000E6252B /* Sources */,
				0CCA82562D944AE000E6252B /* Frameworks */,
				0CCA82572D944AE000E6252B /* Resources */,
			);
			buildRules = (
			);
			dependencies = (
				0CCA825B2D944AE000E6252B /* PBXTargetDependency */,
			);
			fileSystemSynchronizedGroups = (
				0CCA825C2D944AE000E6252B /* PestrikovBankTests */,
			);
			name = PestrikovBankTests;
			productName = PestrikovBankTests;
			productReference = 0CCA82592D944AE000E6252B /* PestrikovBankTests.xctest */;
			productType = "com.apple.product-type.bundle.unit-test";
		};
		0CCA82622D944AE000E6252B /* PestrikovBankUITests */ = {
			isa = PBXNativeTarget;
			buildConfigurationList = 0CCA82742D944AE000E6252B /* Build configuration list for PBXNativeTarget "PestrikovBankUITests" */;
			buildPhases = (
				71EC06B0B878A4A6C52C5905 /* [CP] Check Pods Manifest.lock */,
				0CCA825F2D944AE000E6252B /* Sources */,
				0CCA82602D944AE000E6252B /* Frameworks */,
				0CCA82612D944AE000E6252B /* Resources */,
				C42AB45374C6C390EB83D863 /* [CP] Embed Pods Frameworks */,
			);
			buildRules = (
			);
			dependencies = (
				0CCA82652D944AE000E6252B /* PBXTargetDependency */,
			);
			fileSystemSynchronizedGroups = (
				0CCA82662D944AE000E6252B /* PestrikovBankUITests */,
			);
			name = PestrikovBankUITests;
			productName = PestrikovBankUITests;
			productReference = 0CCA82632D944AE000E6252B /* PestrikovBankUITests.xctest */;
			productType = "com.apple.product-type.bundle.ui-testing";
		};
/* End PBXNativeTarget section */

/* Begin PBXProject section */
		0CCA823B2D944ADF00E6252B /* Project object */ = {
			isa = PBXProject;
			attributes = {
				BuildIndependentTargetsInParallel = 1;
				LastSwiftUpdateCheck = 1620;
				LastUpgradeCheck = 1620;
				TargetAttributes = {
					0CCA82422D944ADF00E6252B = {
						CreatedOnToolsVersion = 16.2;
					};
					0CCA82582D944AE000E6252B = {
						CreatedOnToolsVersion = 16.2;
						TestTargetID = 0CCA82422D944ADF00E6252B;
					};
					0CCA82622D944AE000E6252B = {
						CreatedOnToolsVersion = 16.2;
						TestTargetID = 0CCA82422D944ADF00E6252B;
					};
				};
			};
			buildConfigurationList = 0CCA823E2D944ADF00E6252B /* Build configuration list for PBXProject "PestrikovBank" */;
			developmentRegion = en;
			hasScannedForEncodings = 0;
			knownRegions = (
				en,
				Base,
			);
			mainGroup = 0CCA823A2D944ADF00E6252B;
			minimizedProjectReferenceProxies = 1;
			preferredProjectObjectVersion = 77;
			productRefGroup = 0CCA82442D944ADF00E6252B /* Products */;
			projectDirPath = "";
			projectRoot = "";
			targets = (
				0CCA82422D944ADF00E6252B /* PestrikovBank */,
				0CCA82582D944AE000E6252B /* PestrikovBankTests */,
				0CCA82622D944AE000E6252B /* PestrikovBankUITests */,
			);
		};
/* End PBXProject section */

/* Begin PBXResourcesBuildPhase section */
		0CCA82412D944ADF00E6252B /* Resources */ = {
			isa = PBXResourcesBuildPhase;
			buildActionMask = 2147483647;
			files = (
			);
			runOnlyForDeploymentPostprocessing = 0;
		};
		0CCA82572D944AE000E6252B /* Resources */ = {
			isa = PBXResourcesBuildPhase;
			buildActionMask = 2147483647;
			files = (
			);
			runOnlyForDeploymentPostprocessing = 0;
		};
		0CCA82612D944AE000E6252B /* Resources */ = {
			isa = PBXResourcesBuildPhase;
			buildActionMask = 2147483647;
			files = (
			);
			runOnlyForDeploymentPostprocessing = 0;
		};
/* End PBXResourcesBuildPhase section */

/* Begin PBXShellScriptBuildPhase section */
		05FDE0AD5DE44B59D4904D95 /* [CP] Embed Pods Frameworks */ = {
			isa = PBXShellScriptBuildPhase;
			buildActionMask = 2147483647;
			files = (
			);
			inputFileListPaths = (
				"${PODS_ROOT}/Target Support Files/Pods-PestrikovBank/Pods-PestrikovBank-frameworks-${CONFIGURATION}-input-files.xcfilelist",
			);
			inputPaths = (
			);
			name = "[CP] Embed Pods Frameworks";
			outputFileListPaths = (
				"${PODS_ROOT}/Target Support Files/Pods-PestrikovBank/Pods-PestrikovBank-frameworks-${CONFIGURATION}-output-files.xcfilelist",
			);
			outputPaths = (
			);
			runOnlyForDeploymentPostprocessing = 0;
			shellPath = /bin/sh;
			shellScript = "\"${PODS_ROOT}/Target Support Files/Pods-PestrikovBank/Pods-PestrikovBank-frameworks.sh\"\n";
			showEnvVarsInLog = 0;
		};
		488199F790B04070A83E02E2 /* [CP] Check Pods Manifest.lock */ = {
			isa = PBXShellScriptBuildPhase;
			buildActionMask = 2147483647;
			files = (
			);
			inputFileListPaths = (
			);
			inputPaths = (
				"${PODS_PODFILE_DIR_PATH}/Podfile.lock",
				"${PODS_ROOT}/Manifest.lock",
			);
			name = "[CP] Check Pods Manifest.lock";
			outputFileListPaths = (
			);
			outputPaths = (
				"$(DERIVED_FILE_DIR)/Pods-PestrikovBankTests-checkManifestLockResult.txt",
			);
			runOnlyForDeploymentPostprocessing = 0;
			shellPath = /bin/sh;
			shellScript = "diff \"${PODS_PODFILE_DIR_PATH}/Podfile.lock\" \"${PODS_ROOT}/Manifest.lock\" > /dev/null\nif [ $? != 0 ] ; then\n    # print error to STDERR\n    echo \"error: The sandbox is not in sync with the Podfile.lock. Run 'pod install' or update your CocoaPods installation.\" >&2\n    exit 1\nfi\n# This output is used by Xcode 'outputs' to avoid re-running this script phase.\necho \"SUCCESS\" > \"${SCRIPT_OUTPUT_FILE_0}\"\n";
			showEnvVarsInLog = 0;
		};
		71EC06B0B878A4A6C52C5905 /* [CP] Check Pods Manifest.lock */ = {
			isa = PBXShellScriptBuildPhase;
			buildActionMask = 2147483647;
			files = (
			);
			inputFileListPaths = (
			);
			inputPaths = (
				"${PODS_PODFILE_DIR_PATH}/Podfile.lock",
				"${PODS_ROOT}/Manifest.lock",
			);
			name = "[CP] Check Pods Manifest.lock";
			outputFileListPaths = (
			);
			outputPaths = (
				"$(DERIVED_FILE_DIR)/Pods-PestrikovBank-PestrikovBankUITests-checkManifestLockResult.txt",
			);
			runOnlyForDeploymentPostprocessing = 0;
			shellPath = /bin/sh;
			shellScript = "diff \"${PODS_PODFILE_DIR_PATH}/Podfile.lock\" \"${PODS_ROOT}/Manifest.lock\" > /dev/null\nif [ $? != 0 ] ; then\n    # print error to STDERR\n    echo \"error: The sandbox is not in sync with the Podfile.lock. Run 'pod install' or update your CocoaPods installation.\" >&2\n    exit 1\nfi\n# This output is used by Xcode 'outputs' to avoid re-running this script phase.\necho \"SUCCESS\" > \"${SCRIPT_OUTPUT_FILE_0}\"\n";
			showEnvVarsInLog = 0;
		};
		7FEDDCB192A211486D8457CD /* [CP] Check Pods Manifest.lock */ = {
			isa = PBXShellScriptBuildPhase;
			buildActionMask = 2147483647;
			files = (
			);
			inputFileListPaths = (
			);
			inputPaths = (
				"${PODS_PODFILE_DIR_PATH}/Podfile.lock",
				"${PODS_ROOT}/Manifest.lock",
			);
			name = "[CP] Check Pods Manifest.lock";
			outputFileListPaths = (
			);
			outputPaths = (
				"$(DERIVED_FILE_DIR)/Pods-PestrikovBank-checkManifestLockResult.txt",
			);
			runOnlyForDeploymentPostprocessing = 0;
			shellPath = /bin/sh;
			shellScript = "diff \"${PODS_PODFILE_DIR_PATH}/Podfile.lock\" \"${PODS_ROOT}/Manifest.lock\" > /dev/null\nif [ $? != 0 ] ; then\n    # print error to STDERR\n    echo \"error: The sandbox is not in sync with the Podfile.lock. Run 'pod install' or update your CocoaPods installation.\" >&2\n    exit 1\nfi\n# This output is used by Xcode 'outputs' to avoid re-running this script phase.\necho \"SUCCESS\" > \"${SCRIPT_OUTPUT_FILE_0}\"\n";
			showEnvVarsInLog = 0;
		};
		C42AB45374C6C390EB83D863 /* [CP] Embed Pods Frameworks */ = {
			isa = PBXShellScriptBuildPhase;
			buildActionMask = 2147483647;
			files = (
			);
			inputFileListPaths = (
				"${PODS_ROOT}/Target Support Files/Pods-PestrikovBank-PestrikovBankUITests/Pods-PestrikovBank-PestrikovBankUITests-frameworks-${CONFIGURATION}-input-files.xcfilelist",
			);
			inputPaths = (
			);
			name = "[CP] Embed Pods Frameworks";
			outputFileListPaths = (
				"${PODS_ROOT}/Target Support Files/Pods-PestrikovBank-PestrikovBankUITests/Pods-PestrikovBank-PestrikovBankUITests-frameworks-${CONFIGURATION}-output-files.xcfilelist",
			);
			outputPaths = (
			);
			runOnlyForDeploymentPostprocessing = 0;
			shellPath = /bin/sh;
			shellScript = "\"${PODS_ROOT}/Target Support Files/Pods-PestrikovBank-PestrikovBankUITests/Pods-PestrikovBank-PestrikovBankUITests-frameworks.sh\"\n";
			showEnvVarsInLog = 0;
		};
/* End PBXShellScriptBuildPhase section */

/* Begin PBXSourcesBuildPhase section */
		0CCA823F2D944ADF00E6252B /* Sources */ = {
			isa = PBXSourcesBuildPhase;
			buildActionMask = 2147483647;
			files = (
			);
			runOnlyForDeploymentPostprocessing = 0;
		};
		0CCA82552D944AE000E6252B /* Sources */ = {
			isa = PBXSourcesBuildPhase;
			buildActionMask = 2147483647;
			files = (
			);
			runOnlyForDeploymentPostprocessing = 0;
		};
		0CCA825F2D944AE000E6252B /* Sources */ = {
			isa = PBXSourcesBuildPhase;
			buildActionMask = 2147483647;
			files = (
			);
			runOnlyForDeploymentPostprocessing = 0;
		};
/* End PBXSourcesBuildPhase section */

/* Begin PBXTargetDependency section */
		0CCA825B2D944AE000E6252B /* PBXTargetDependency */ = {
			isa = PBXTargetDependency;
			target = 0CCA82422D944ADF00E6252B /* PestrikovBank */;
			targetProxy = 0CCA825A2D944AE000E6252B /* PBXContainerItemProxy */;
		};
		0CCA82652D944AE000E6252B /* PBXTargetDependency */ = {
			isa = PBXTargetDependency;
			target = 0CCA82422D944ADF00E6252B /* PestrikovBank */;
			targetProxy = 0CCA82642D944AE000E6252B /* PBXContainerItemProxy */;
		};
/* End PBXTargetDependency section */

/* Begin XCBuildConfiguration section */
		0CCA826D2D944AE000E6252B /* Debug */ = {
			isa = XCBuildConfiguration;
			baseConfigurationReference = C3493DEEDBAC84875FE60F02 /* Pods-PestrikovBank.debug.xcconfig */;
			buildSettings = {
				ASSETCATALOG_COMPILER_APPICON_NAME = AppIcon;
				ASSETCATALOG_COMPILER_GLOBAL_ACCENT_COLOR_NAME = AccentColor;
				CODE_SIGN_STYLE = Automatic;
				CURRENT_PROJECT_VERSION = 1;
				GENERATE_INFOPLIST_FILE = YES;
				INFOPLIST_FILE = PestrikovBank/Resorces/Info.plist;
				INFOPLIST_KEY_UIApplicationSupportsIndirectInputEvents = YES;
				INFOPLIST_KEY_UISupportedInterfaceOrientations_iPad = "UIInterfaceOrientationPortrait UIInterfaceOrientationPortraitUpsideDown UIInterfaceOrientationLandscapeLeft UIInterfaceOrientationLandscapeRight";
				INFOPLIST_KEY_UISupportedInterfaceOrientations_iPhone = "UIInterfaceOrientationPortrait UIInterfaceOrientationLandscapeLeft UIInterfaceOrientationLandscapeRight";
				LD_RUNPATH_SEARCH_PATHS = (
					"$(inherited)",
					"@executable_path/Frameworks",
				);
				MARKETING_VERSION = 1.0;
				PRODUCT_BUNDLE_IDENTIFIER = com.macao.PestrikovBank;
				PRODUCT_NAME = "$(TARGET_NAME)";
				SWIFT_EMIT_LOC_STRINGS = YES;
				SWIFT_VERSION = 5.0;
				TARGETED_DEVICE_FAMILY = "1,2";
			};
			name = Debug;
		};
		0CCA826E2D944AE000E6252B /* Release */ = {
			isa = XCBuildConfiguration;
			baseConfigurationReference = A80CA75055594270173EFDFF /* Pods-PestrikovBank.release.xcconfig */;
			buildSettings = {
				ASSETCATALOG_COMPILER_APPICON_NAME = AppIcon;
				ASSETCATALOG_COMPILER_GLOBAL_ACCENT_COLOR_NAME = AccentColor;
				CODE_SIGN_STYLE = Automatic;
				CURRENT_PROJECT_VERSION = 1;
				GENERATE_INFOPLIST_FILE = YES;
				INFOPLIST_FILE = PestrikovBank/Resorces/Info.plist;
				INFOPLIST_KEY_UIApplicationSupportsIndirectInputEvents = YES;
				INFOPLIST_KEY_UISupportedInterfaceOrientations_iPad = "UIInterfaceOrientationPortrait UIInterfaceOrientationPortraitUpsideDown UIInterfaceOrientationLandscapeLeft UIInterfaceOrientationLandscapeRight";
				INFOPLIST_KEY_UISupportedInterfaceOrientations_iPhone = "UIInterfaceOrientationPortrait UIInterfaceOrientationLandscapeLeft UIInterfaceOrientationLandscapeRight";
				LD_RUNPATH_SEARCH_PATHS = (
					"$(inherited)",
					"@executable_path/Frameworks",
				);
				MARKETING_VERSION = 1.0;
				PRODUCT_BUNDLE_IDENTIFIER = com.macao.PestrikovBank;
				PRODUCT_NAME = "$(TARGET_NAME)";
				SWIFT_EMIT_LOC_STRINGS = YES;
				SWIFT_VERSION = 5.0;
				TARGETED_DEVICE_FAMILY = "1,2";
			};
			name = Release;
		};
		0CCA826F2D944AE000E6252B /* Debug */ = {
			isa = XCBuildConfiguration;
			buildSettings = {
				ALWAYS_SEARCH_USER_PATHS = NO;
				ASSETCATALOG_COMPILER_GENERATE_SWIFT_ASSET_SYMBOL_EXTENSIONS = YES;
				CLANG_ANALYZER_NONNULL = YES;
				CLANG_ANALYZER_NUMBER_OBJECT_CONVERSION = YES_AGGRESSIVE;
				CLANG_CXX_LANGUAGE_STANDARD = "gnu++20";
				CLANG_ENABLE_MODULES = YES;
				CLANG_ENABLE_OBJC_ARC = YES;
				CLANG_ENABLE_OBJC_WEAK = YES;
				CLANG_WARN_BLOCK_CAPTURE_AUTORELEASING = YES;
				CLANG_WARN_BOOL_CONVERSION = YES;
				CLANG_WARN_COMMA = YES;
				CLANG_WARN_CONSTANT_CONVERSION = YES;
				CLANG_WARN_DEPRECATED_OBJC_IMPLEMENTATIONS = YES;
				CLANG_WARN_DIRECT_OBJC_ISA_USAGE = YES_ERROR;
				CLANG_WARN_DOCUMENTATION_COMMENTS = YES;
				CLANG_WARN_EMPTY_BODY = YES;
				CLANG_WARN_ENUM_CONVERSION = YES;
				CLANG_WARN_INFINITE_RECURSION = YES;
				CLANG_WARN_INT_CONVERSION = YES;
				CLANG_WARN_NON_LITERAL_NULL_CONVERSION = YES;
				CLANG_WARN_OBJC_IMPLICIT_RETAIN_SELF = YES;
				CLANG_WARN_OBJC_LITERAL_CONVERSION = YES;
				CLANG_WARN_OBJC_ROOT_CLASS = YES_ERROR;
				CLANG_WARN_QUOTED_INCLUDE_IN_FRAMEWORK_HEADER = YES;
				CLANG_WARN_RANGE_LOOP_ANALYSIS = YES;
				CLANG_WARN_STRICT_PROTOTYPES = YES;
				CLANG_WARN_SUSPICIOUS_MOVE = YES;
				CLANG_WARN_UNGUARDED_AVAILABILITY = YES_AGGRESSIVE;
				CLANG_WARN_UNREACHABLE_CODE = YES;
				CLANG_WARN__DUPLICATE_METHOD_MATCH = YES;
				COPY_PHASE_STRIP = NO;
				DEBUG_INFORMATION_FORMAT = dwarf;
				ENABLE_STRICT_OBJC_MSGSEND = YES;
				ENABLE_TESTABILITY = YES;
				ENABLE_USER_SCRIPT_SANDBOXING = NO;
				GCC_C_LANGUAGE_STANDARD = gnu17;
				GCC_DYNAMIC_NO_PIC = NO;
				GCC_NO_COMMON_BLOCKS = YES;
				GCC_OPTIMIZATION_LEVEL = 0;
				GCC_PREPROCESSOR_DEFINITIONS = (
					"DEBUG=1",
					"$(inherited)",
				);
				GCC_WARN_64_TO_32_BIT_CONVERSION = YES;
				GCC_WARN_ABOUT_RETURN_TYPE = YES_ERROR;
				GCC_WARN_UNDECLARED_SELECTOR = YES;
				GCC_WARN_UNINITIALIZED_AUTOS = YES_AGGRESSIVE;
				GCC_WARN_UNUSED_FUNCTION = YES;
				GCC_WARN_UNUSED_VARIABLE = YES;
				IPHONEOS_DEPLOYMENT_TARGET = 18.2;
				LOCALIZATION_PREFERS_STRING_CATALOGS = YES;
				MTL_ENABLE_DEBUG_INFO = INCLUDE_SOURCE;
				MTL_FAST_MATH = YES;
				ONLY_ACTIVE_ARCH = YES;
				SDKROOT = iphoneos;
				SWIFT_ACTIVE_COMPILATION_CONDITIONS = "DEBUG $(inherited)";
				SWIFT_OPTIMIZATION_LEVEL = "-Onone";
			};
			name = Debug;
		};
		0CCA82702D944AE000E6252B /* Release */ = {
			isa = XCBuildConfiguration;
			buildSettings = {
				ALWAYS_SEARCH_USER_PATHS = NO;
				ASSETCATALOG_COMPILER_GENERATE_SWIFT_ASSET_SYMBOL_EXTENSIONS = YES;
				CLANG_ANALYZER_NONNULL = YES;
				CLANG_ANALYZER_NUMBER_OBJECT_CONVERSION = YES_AGGRESSIVE;
				CLANG_CXX_LANGUAGE_STANDARD = "gnu++20";
				CLANG_ENABLE_MODULES = YES;
				CLANG_ENABLE_OBJC_ARC = YES;
				CLANG_ENABLE_OBJC_WEAK = YES;
				CLANG_WARN_BLOCK_CAPTURE_AUTORELEASING = YES;
				CLANG_WARN_BOOL_CONVERSION = YES;
				CLANG_WARN_COMMA = YES;
				CLANG_WARN_CONSTANT_CONVERSION = YES;
				CLANG_WARN_DEPRECATED_OBJC_IMPLEMENTATIONS = YES;
				CLANG_WARN_DIRECT_OBJC_ISA_USAGE = YES_ERROR;
				CLANG_WARN_DOCUMENTATION_COMMENTS = YES;
				CLANG_WARN_EMPTY_BODY = YES;
				CLANG_WARN_ENUM_CONVERSION = YES;
				CLANG_WARN_INFINITE_RECURSION = YES;
				CLANG_WARN_INT_CONVERSION = YES;
				CLANG_WARN_NON_LITERAL_NULL_CONVERSION = YES;
				CLANG_WARN_OBJC_IMPLICIT_RETAIN_SELF = YES;
				CLANG_WARN_OBJC_LITERAL_CONVERSION = YES;
				CLANG_WARN_OBJC_ROOT_CLASS = YES_ERROR;
				CLANG_WARN_QUOTED_INCLUDE_IN_FRAMEWORK_HEADER = YES;
				CLANG_WARN_RANGE_LOOP_ANALYSIS = YES;
				CLANG_WARN_STRICT_PROTOTYPES = YES;
				CLANG_WARN_SUSPICIOUS_MOVE = YES;
				CLANG_WARN_UNGUARDED_AVAILABILITY = YES_AGGRESSIVE;
				CLANG_WARN_UNREACHABLE_CODE = YES;
				CLANG_WARN__DUPLICATE_METHOD_MATCH = YES;
				COPY_PHASE_STRIP = NO;
				DEBUG_INFORMATION_FORMAT = "dwarf-with-dsym";
				ENABLE_NS_ASSERTIONS = NO;
				ENABLE_STRICT_OBJC_MSGSEND = YES;
				ENABLE_USER_SCRIPT_SANDBOXING = NO;
				GCC_C_LANGUAGE_STANDARD = gnu17;
				GCC_NO_COMMON_BLOCKS = YES;
				GCC_WARN_64_TO_32_BIT_CONVERSION = YES;
				GCC_WARN_ABOUT_RETURN_TYPE = YES_ERROR;
				GCC_WARN_UNDECLARED_SELECTOR = YES;
				GCC_WARN_UNINITIALIZED_AUTOS = YES_AGGRESSIVE;
				GCC_WARN_UNUSED_FUNCTION = YES;
				GCC_WARN_UNUSED_VARIABLE = YES;
				IPHONEOS_DEPLOYMENT_TARGET = 18.2;
				LOCALIZATION_PREFERS_STRING_CATALOGS = YES;
				MTL_ENABLE_DEBUG_INFO = NO;
				MTL_FAST_MATH = YES;
				SDKROOT = iphoneos;
				SWIFT_COMPILATION_MODE = wholemodule;
				VALIDATE_PRODUCT = YES;
			};
			name = Release;
		};
		0CCA82722D944AE000E6252B /* Debug */ = {
			isa = XCBuildConfiguration;
			baseConfigurationReference = 7CA3C9F1C301A4AB8A2FC99E /* Pods-PestrikovBankTests.debug.xcconfig */;
			buildSettings = {
				BUNDLE_LOADER = "$(TEST_HOST)";
				CODE_SIGN_STYLE = Automatic;
				CURRENT_PROJECT_VERSION = 1;
				GENERATE_INFOPLIST_FILE = YES;
				IPHONEOS_DEPLOYMENT_TARGET = 18.2;
				MARKETING_VERSION = 1.0;
				PRODUCT_BUNDLE_IDENTIFIER = com.macao.PestrikovBankTests;
				PRODUCT_NAME = "$(TARGET_NAME)";
				SWIFT_EMIT_LOC_STRINGS = NO;
				SWIFT_VERSION = 5.0;
				TARGETED_DEVICE_FAMILY = "1,2";
				TEST_HOST = "$(BUILT_PRODUCTS_DIR)/PestrikovBank.app/$(BUNDLE_EXECUTABLE_FOLDER_PATH)/PestrikovBank";
			};
			name = Debug;
		};
		0CCA82732D944AE000E6252B /* Release */ = {
			isa = XCBuildConfiguration;
			baseConfigurationReference = 8AEC62434E324D353C1DD2FE /* Pods-PestrikovBankTests.release.xcconfig */;
			buildSettings = {
				BUNDLE_LOADER = "$(TEST_HOST)";
				CODE_SIGN_STYLE = Automatic;
				CURRENT_PROJECT_VERSION = 1;
				GENERATE_INFOPLIST_FILE = YES;
				IPHONEOS_DEPLOYMENT_TARGET = 18.2;
				MARKETING_VERSION = 1.0;
				PRODUCT_BUNDLE_IDENTIFIER = com.macao.PestrikovBankTests;
				PRODUCT_NAME = "$(TARGET_NAME)";
				SWIFT_EMIT_LOC_STRINGS = NO;
				SWIFT_VERSION = 5.0;
				TARGETED_DEVICE_FAMILY = "1,2";
				TEST_HOST = "$(BUILT_PRODUCTS_DIR)/PestrikovBank.app/$(BUNDLE_EXECUTABLE_FOLDER_PATH)/PestrikovBank";
			};
			name = Release;
		};
		0CCA82752D944AE000E6252B /* Debug */ = {
			isa = XCBuildConfiguration;
			baseConfigurationReference = 0004400131BADC6D6BEAC1B4 /* Pods-PestrikovBank-PestrikovBankUITests.debug.xcconfig */;
			buildSettings = {
				CODE_SIGN_STYLE = Automatic;
				CURRENT_PROJECT_VERSION = 1;
				GENERATE_INFOPLIST_FILE = YES;
				MARKETING_VERSION = 1.0;
				PRODUCT_BUNDLE_IDENTIFIER = com.macao.PestrikovBankUITests;
				PRODUCT_NAME = "$(TARGET_NAME)";
				SWIFT_EMIT_LOC_STRINGS = NO;
				SWIFT_VERSION = 5.0;
				TARGETED_DEVICE_FAMILY = "1,2";
				TEST_TARGET_NAME = PestrikovBank;
			};
			name = Debug;
		};
		0CCA82762D944AE000E6252B /* Release */ = {
			isa = XCBuildConfiguration;
			baseConfigurationReference = 0EFE5FEE487BF02F9394A6C3 /* Pods-PestrikovBank-PestrikovBankUITests.release.xcconfig */;
			buildSettings = {
				CODE_SIGN_STYLE = Automatic;
				CURRENT_PROJECT_VERSION = 1;
				GENERATE_INFOPLIST_FILE = YES;
				MARKETING_VERSION = 1.0;
				PRODUCT_BUNDLE_IDENTIFIER = com.macao.PestrikovBankUITests;
				PRODUCT_NAME = "$(TARGET_NAME)";
				SWIFT_EMIT_LOC_STRINGS = NO;
				SWIFT_VERSION = 5.0;
				TARGETED_DEVICE_FAMILY = "1,2";
				TEST_TARGET_NAME = PestrikovBank;
			};
			name = Release;
		};
/* End XCBuildConfiguration section */

/* Begin XCConfigurationList section */
		0CCA823E2D944ADF00E6252B /* Build configuration list for PBXProject "PestrikovBank" */ = {
			isa = XCConfigurationList;
			buildConfigurations = (
				0CCA826F2D944AE000E6252B /* Debug */,
				0CCA82702D944AE000E6252B /* Release */,
			);
			defaultConfigurationIsVisible = 0;
			defaultConfigurationName = Release;
		};
		0CCA826C2D944AE000E6252B /* Build configuration list for PBXNativeTarget "PestrikovBank" */ = {
			isa = XCConfigurationList;
			buildConfigurations = (
				0CCA826D2D944AE000E6252B /* Debug */,
				0CCA826E2D944AE000E6252B /* Release */,
			);
			defaultConfigurationIsVisible = 0;
			defaultConfigurationName = Release;
		};
		0CCA82712D944AE000E6252B /* Build configuration list for PBXNativeTarget "PestrikovBankTests" */ = {
			isa = XCConfigurationList;
			buildConfigurations = (
				0CCA82722D944AE000E6252B /* Debug */,
				0CCA82732D944AE000E6252B /* Release */,
			);
			defaultConfigurationIsVisible = 0;
			defaultConfigurationName = Release;
		};
		0CCA82742D944AE000E6252B /* Build configuration list for PBXNativeTarget "PestrikovBankUITests" */ = {
			isa = XCConfigurationList;
			buildConfigurations = (
				0CCA82752D944AE000E6252B /* Debug */,
				0CCA82762D944AE000E6252B /* Release */,
			);
			defaultConfigurationIsVisible = 0;
			defaultConfigurationName = Release;
		};
/* End XCConfigurationList section */
	};
	rootObject = 0CCA823B2D944ADF00E6252B /* Project object */;
}
